
Microsoft Visual Studio Solution File, Format Version 12.00
# Visual Studio Version 16
VisualStudioVersion = 16.0.31129.286
MinimumVisualStudioVersion = 10.0.40219.1
Project("{9A19103F-16F7-4668-BE54-9A1E7A4F7556}") = "ConsoleApp1", "ConsoleApp1\ConsoleApp1.csproj", "{9864D9E3-C272-497A-8294-C2B360240CA1}"
EndProject
Project("{9A19103F-16F7-4668-BE54-9A1E7A4F7556}") = "WinFormsApp1", "WinFormsApp1\WinFormsApp1.csproj", "{45EC2E32-AD32-4007-955E-3B5254FE653F}"
EndProject
Project("{FAE04EC0-301F-11D3-BF4B-00C04F79EFBC}") = "ConnectionLib", "ConnectionLib\ConnectionLib.csproj", "{EC1C5245-65BA-4C6B-82B8-26953DA8B5BE}"
EndProject
Global
	GlobalSection(SolutionConfigurationPlatforms) = preSolution
		Debug|Any CPU = Debug|Any CPU
		Release|Any CPU = Release|Any CPU
	EndGlobalSection
	GlobalSection(ProjectConfigurationPlatforms) = postSolution
		{9864D9E3-C272-497A-8294-C2B360240CA1}.Debug|Any CPU.ActiveCfg = Debug|Any CPU
		{9864D9E3-C272-497A-8294-C2B360240CA1}.Debug|Any CPU.Build.0 = Debug|Any CPU
		{9864D9E3-C272-497A-8294-C2B360240CA1}.Release|Any CPU.ActiveCfg = Release|Any CPU
		{9864D9E3-C272-497A-8294-C2B360240CA1}.Release|Any CPU.Build.0 = Release|Any CPU
		{45EC2E32-AD32-4007-955E-3B5254FE653F}.Debug|Any CPU.ActiveCfg = Debug|Any CPU
		{45EC2E32-AD32-4007-955E-3B5254FE653F}.Debug|Any CPU.Build.0 = Debug|Any CPU
		{45EC2E32-AD32-4007-955E-3B5254FE653F}.Release|Any CPU.ActiveCfg = Release|Any CPU
		{45EC2E32-AD32-4007-955E-3B5254FE653F}.Release|Any CPU.Build.0 = Release|Any CPU
		{EC1C5245-65BA-4C6B-82B8-26953DA8B5BE}.Debug|Any CPU.ActiveCfg = Debug|Any CPU
		{EC1C5245-65BA-4C6B-82B8-26953DA8B5BE}.Debug|Any CPU.Build.0 = Debug|Any CPU
		{EC1C5245-65BA-4C6B-82B8-26953DA8B5BE}.Release|Any CPU.ActiveCfg = Release|Any CPU
		{EC1C5245-65BA-4C6B-82B8-26953DA8B5BE}.Release|Any CPU.Build.0 = Release|Any CPU
	EndGlobalSection
	GlobalSection(SolutionProperties) = preSolution
		HideSolutionNode = FALSE
	EndGlobalSection
	GlobalSection(ExtensibilityGlobals) = postSolution
		SolutionGuid = {946C81C0-D23E-42E0-8FEC-C1EAD02B5068}
	EndGlobalSection
EndGlobal
